// !$*UTF8*$!
{
	archiveVersion = 1;
	classes = {
	};
	objectVersion = 50;
	objects = {

/* Begin PBXBuildFile section */
		A5E3EFE92508145D00C792E3 /* AppDelegate.swift in Sources */ = {isa = PBXBuildFile; fileRef = A5E3EFE82508145D00C792E3 /* AppDelegate.swift */; };
		A5E3EFEB2508145D00C792E3 /* SceneDelegate.swift in Sources */ = {isa = PBXBuildFile; fileRef = A5E3EFEA2508145D00C792E3 /* SceneDelegate.swift */; };
		A5E3EFED2508145D00C792E3 /* ViewController.swift in Sources */ = {isa = PBXBuildFile; fileRef = A5E3EFEC2508145D00C792E3 /* ViewController.swift */; };
		A5E3EFF02508145D00C792E3 /* Main.storyboard in Resources */ = {isa = PBXBuildFile; fileRef = A5E3EFEE2508145D00C792E3 /* Main.storyboard */; };
		A5E3EFF32508145D00C792E3 /* HotWaterShutdownScheduler.xcdatamodeld in Sources */ = {isa = PBXBuildFile; fileRef = A5E3EFF12508145D00C792E3 /* HotWaterShutdownScheduler.xcdatamodeld */; };
		A5E3EFF52508146300C792E3 /* Assets.xcassets in Resources */ = {isa = PBXBuildFile; fileRef = A5E3EFF42508146300C792E3 /* Assets.xcassets */; };
		A5E3EFF82508146300C792E3 /* LaunchScreen.storyboard in Resources */ = {isa = PBXBuildFile; fileRef = A5E3EFF62508146300C792E3 /* LaunchScreen.storyboard */; };
/* End PBXBuildFile section */

/* Begin PBXFileReference section */
		A5E3EFE52508145D00C792E3 /* HotWaterShutdownScheduler.app */ = {isa = PBXFileReference; explicitFileType = wrapper.application; includeInIndex = 0; path = HotWaterShutdownScheduler.app; sourceTree = BUILT_PRODUCTS_DIR; };
		A5E3EFE82508145D00C792E3 /* AppDelegate.swift */ = {isa = PBXFileReference; lastKnownFileType = sourcecode.swift; path = AppDelegate.swift; sourceTree = "<group>"; };
		A5E3EFEA2508145D00C792E3 /* SceneDelegate.swift */ = {isa = PBXFileReference; lastKnownFileType = sourcecode.swift; path = SceneDelegate.swift; sourceTree = "<group>"; };
		A5E3EFEC2508145D00C792E3 /* ViewController.swift */ = {isa = PBXFileReference; lastKnownFileType = sourcecode.swift; path = ViewController.swift; sourceTree = "<group>"; };
		A5E3EFEF2508145D00C792E3 /* Base */ = {isa = PBXFileReference; lastKnownFileType = file.storyboard; name = Base; path = Base.lproj/Main.storyboard; sourceTree = "<group>"; };
		A5E3EFF22508145D00C792E3 /* HotWaterShutdownScheduler.xcdatamodel */ = {isa = PBXFileReference; lastKnownFileType = wrapper.xcdatamodel; path = HotWaterShutdownScheduler.xcdatamodel; sourceTree = "<group>"; };
		A5E3EFF42508146300C792E3 /* Assets.xcassets */ = {isa = PBXFileReference; lastKnownFileType = folder.assetcatalog; path = Assets.xcassets; sourceTree = "<group>"; };
		A5E3EFF72508146300C792E3 /* Base */ = {isa = PBXFileReference; lastKnownFileType = file.storyboard; name = Base; path = Base.lproj/LaunchScreen.storyboard; sourceTree = "<group>"; };
		A5E3EFF92508146300C792E3 /* Info.plist */ = {isa = PBXFileReference; lastKnownFileType = text.plist.xml; path = Info.plist; sourceTree = "<group>"; };
/* End PBXFileReference section */

/* Begin PBXFrameworksBuildPhase section */
		A5E3EFE22508145D00C792E3 /* Frameworks */ = {
			isa = PBXFrameworksBuildPhase;
			buildActionMask = 2147483647;
			files = (
			);
			runOnlyForDeploymentPostprocessing = 0;
		};
/* End PBXFrameworksBuildPhase section */

/* Begin PBXGroup section */
		A5E3EFDC2508145D00C792E3 = {
			isa = PBXGroup;
			children = (
				A5E3EFE72508145D00C792E3 /* HotWaterShutdownScheduler */,
				A5E3EFE62508145D00C792E3 /* Products */,
			);
			sourceTree = "<group>";
		};
		A5E3EFE62508145D00C792E3 /* Products */ = {
			isa = PBXGroup;
			children = (
				A5E3EFE52508145D00C792E3 /* HotWaterShutdownScheduler.app */,
			);
			name = Products;
			sourceTree = "<group>";
		};
		A5E3EFE72508145D00C792E3 /* HotWaterShutdownScheduler */ = {
			isa = PBXGroup;
			children = (
				A5E3EFE82508145D00C792E3 /* AppDelegate.swift */,
				A5E3EFEA2508145D00C792E3 /* SceneDelegate.swift */,
				A5E3EFEC2508145D00C792E3 /* ViewController.swift */,
				A5E3EFEE2508145D00C792E3 /* Main.storyboard */,
				A5E3EFF42508146300C792E3 /* Assets.xcassets */,
				A5E3EFF62508146300C792E3 /* LaunchScreen.storyboard */,
				A5E3EFF92508146300C792E3 /* Info.plist */,
				A5E3EFF12508145D00C792E3 /* HotWaterShutdownScheduler.xcdatamodeld */,
			);
			path = HotWaterShutdownScheduler;
			sourceTree = "<group>";
		};
/* End PBXGroup section */

/* Begin PBXNativeTarget section */
		A5E3EFE42508145D00C792E3 /* HotWaterShutdownScheduler */ = {
			isa = PBXNativeTarget;
			buildConfigurationList = A5E3EFFC2508146300C792E3 /* Build configuration list for PBXNativeTarget "HotWaterShutdownScheduler" */;
			buildPhases = (
				A5E3EFE12508145D00C792E3 /* Sources */,
				A5E3EFE22508145D00C792E3 /* Frameworks */,
				A5E3EFE32508145D00C792E3 /* Resources */,
			);
			buildRules = (
			);
			dependencies = (
			);
			name = HotWaterShutdownScheduler;
			productName = HotWaterShutdownScheduler;
			productReference = A5E3EFE52508145D00C792E3 /* HotWaterShutdownScheduler.app */;
			productType = "com.apple.product-type.application";
		};
/* End PBXNativeTarget section */

/* Begin PBXProject section */
		A5E3EFDD2508145D00C792E3 /* Project object */ = {
			isa = PBXProject;
			attributes = {
				LastSwiftUpdateCheck = 1100;
				LastUpgradeCheck = 1100;
				ORGANIZATIONNAME = "Сергей Тришин";
				TargetAttributes = {
					A5E3EFE42508145D00C792E3 = {
						CreatedOnToolsVersion = 11.0;
					};
				};
			};
			buildConfigurationList = A5E3EFE02508145D00C792E3 /* Build configuration list for PBXProject "HotWaterShutdownScheduler" */;
			compatibilityVersion = "Xcode 9.3";
			developmentRegion = en;
			hasScannedForEncodings = 0;
			knownRegions = (
				en,
				Base,
			);
			mainGroup = A5E3EFDC2508145D00C792E3;
			productRefGroup = A5E3EFE62508145D00C792E3 /* Products */;
			projectDirPath = "";
			projectRoot = "";
			targets = (
				A5E3EFE42508145D00C792E3 /* HotWaterShutdownScheduler */,
			);
		};
/* End PBXProject section */

/* Begin PBXResourcesBuildPhase section */
		A5E3EFE32508145D00C792E3 /* Resources */ = {
			isa = PBXResourcesBuildPhase;
			buildActionMask = 2147483647;
			files = (
				A5E3EFF82508146300C792E3 /* LaunchScreen.storyboard in Resources */,
				A5E3EFF52508146300C792E3 /* Assets.xcassets in Resources */,
				A5E3EFF02508145D00C792E3 /* Main.storyboard in Resources */,
			);
			runOnlyForDeploymentPostprocessing = 0;
		};
/* End PBXResourcesBuildPhase section */

/* Begin PBXSourcesBuildPhase section */
		A5E3EFE12508145D00C792E3 /* Sources */ = {
			isa = PBXSourcesBuildPhase;
			buildActionMask = 2147483647;
			files = (
				A5E3EFED2508145D00C792E3 /* ViewController.swift in Sources */,
				A5E3EFE92508145D00C792E3 /* AppDelegate.swift in Sources */,
				A5E3EFEB2508145D00C792E3 /* SceneDelegate.swift in Sources */,
				A5E3EFF32508145D00C792E3 /* HotWaterShutdownScheduler.xcdatamodeld in Sources */,
			);
			runOnlyForDeploymentPostprocessing = 0;
		};
/* End PBXSourcesBuildPhase section */

/* Begin PBXVariantGroup section */
		A5E3EFEE2508145D00C792E3 /* Main.storyboard */ = {
			isa = PBXVariantGroup;
			children = (
				A5E3EFEF2508145D00C792E3 /* Base */,
			);
			name = Main.storyboard;
			sourceTree = "<group>";
		};
		A5E3EFF62508146300C792E3 /* LaunchScreen.storyboard */ = {
			isa = PBXVariantGroup;
			children = (
				A5E3EFF72508146300C792E3 /* Base */,
			);
			name = LaunchScreen.storyboard;
			sourceTree = "<group>";
		};
/* End PBXVariantGroup section */

/* Begin XCBuildConfiguration section */
		A5E3EFFA2508146300C792E3 /* Debug */ = {
			isa = XCBuildConfiguration;
			buildSettings = {
				ALWAYS_SEARCH_USER_PATHS = NO;
				CLANG_ANALYZER_NONNULL = YES;
				CLANG_ANALYZER_NUMBER_OBJECT_CONVERSION = YES_AGGRESSIVE;
				CLANG_CXX_LANGUAGE_STANDARD = "gnu++14";
				CLANG_CXX_LIBRARY = "libc++";
				CLANG_ENABLE_MODULES = YES;
				CLANG_ENABLE_OBJC_ARC = YES;
				CLANG_ENABLE_OBJC_WEAK = YES;
				CLANG_WARN_BLOCK_CAPTURE_AUTORELEASING = YES;
				CLANG_WARN_BOOL_CONVERSION = YES;
				CLANG_WARN_COMMA = YES;
				CLANG_WARN_CONSTANT_CONVERSION = YES;
				CLANG_WARN_DEPRECATED_OBJC_IMPLEMENTATIONS = YES;
				CLANG_WARN_DIRECT_OBJC_ISA_USAGE = YES_ERROR;
				CLANG_WARN_DOCUMENTATION_COMMENTS = YES;
				CLANG_WARN_EMPTY_BODY = YES;
				CLANG_WARN_ENUM_CONVERSION = YES;
				CLANG_WARN_INFINITE_RECURSION = YES;
				CLANG_WARN_INT_CONVERSION = YES;
				CLANG_WARN_NON_LITERAL_NULL_CONVERSION = YES;
				CLANG_WARN_OBJC_IMPLICIT_RETAIN_SELF = YES;
				CLANG_WARN_OBJC_LITERAL_CONVERSION = YES;
				CLANG_WARN_OBJC_ROOT_CLASS = YES_ERROR;
				CLANG_WARN_RANGE_LOOP_ANALYSIS = YES;
				CLANG_WARN_STRICT_PROTOTYPES = YES;
				CLANG_WARN_SUSPICIOUS_MOVE = YES;
				CLANG_WARN_UNGUARDED_AVAILABILITY = YES_AGGRESSIVE;
				CLANG_WARN_UNREACHABLE_CODE = YES;
				CLANG_WARN__DUPLICATE_METHOD_MATCH = YES;
				COPY_PHASE_STRIP = NO;
				DEBUG_INFORMATION_FORMAT = dwarf;
				ENABLE_STRICT_OBJC_MSGSEND = YES;
				ENABLE_TESTABILITY = YES;
				GCC_C_LANGUAGE_STANDARD = gnu11;
				GCC_DYNAMIC_NO_PIC = NO;
				GCC_NO_COMMON_BLOCKS = YES;
				GCC_OPTIMIZATION_LEVEL = 0;
				GCC_PREPROCESSOR_DEFINITIONS = (
					"DEBUG=1",
					"$(inherited)",
				);
				GCC_WARN_64_TO_32_BIT_CONVERSION = YES;
				GCC_WARN_ABOUT_RETURN_TYPE = YES_ERROR;
				GCC_WARN_UNDECLARED_SELECTOR = YES;
				GCC_WARN_UNINITIALIZED_AUTOS = YES_AGGRESSIVE;
				GCC_WARN_UNUSED_FUNCTION = YES;
				GCC_WARN_UNUSED_VARIABLE = YES;
				IPHONEOS_DEPLOYMENT_TARGET = 13.0;
				MTL_ENABLE_DEBUG_INFO = INCLUDE_SOURCE;
				MTL_FAST_MATH = YES;
				ONLY_ACTIVE_ARCH = YES;
				SDKROOT = iphoneos;
				SWIFT_ACTIVE_COMPILATION_CONDITIONS = DEBUG;
				SWIFT_OPTIMIZATION_LEVEL = "-Onone";
			};
			name = Debug;
		};
		A5E3EFFB2508146300C792E3 /* Release */ = {
			isa = XCBuildConfiguration;
			buildSettings = {
				ALWAYS_SEARCH_USER_PATHS = NO;
				CLANG_ANALYZER_NONNULL = YES;
				CLANG_ANALYZER_NUMBER_OBJECT_CONVERSION = YES_AGGRESSIVE;
				CLANG_CXX_LANGUAGE_STANDARD = "gnu++14";
				CLANG_CXX_LIBRARY = "libc++";
				CLANG_ENABLE_MODULES = YES;
				CLANG_ENABLE_OBJC_ARC = YES;
				CLANG_ENABLE_OBJC_WEAK = YES;
				CLANG_WARN_BLOCK_CAPTURE_AUTORELEASING = YES;
				CLANG_WARN_BOOL_CONVERSION = YES;
				CLANG_WARN_COMMA = YES;
				CLANG_WARN_CONSTANT_CONVERSION = YES;
				CLANG_WARN_DEPRECATED_OBJC_IMPLEMENTATIONS = YES;
				CLANG_WARN_DIRECT_OBJC_ISA_USAGE = YES_ERROR;
				CLANG_WARN_DOCUMENTATION_COMMENTS = YES;
				CLANG_WARN_EMPTY_BODY = YES;
				CLANG_WARN_ENUM_CONVERSION = YES;
				CLANG_WARN_INFINITE_RECURSION = YES;
				CLANG_WARN_INT_CONVERSION = YES;
				CLANG_WARN_NON_LITERAL_NULL_CONVERSION = YES;
				CLANG_WARN_OBJC_IMPLICIT_RETAIN_SELF = YES;
				CLANG_WARN_OBJC_LITERAL_CONVERSION = YES;
				CLANG_WARN_OBJC_ROOT_CLASS = YES_ERROR;
				CLANG_WARN_RANGE_LOOP_ANALYSIS = YES;
				CLANG_WARN_STRICT_PROTOTYPES = YES;
				CLANG_WARN_SUSPICIOUS_MOVE = YES;
				CLANG_WARN_UNGUARDED_AVAILABILITY = YES_AGGRESSIVE;
				CLANG_WARN_UNREACHABLE_CODE = YES;
				CLANG_WARN__DUPLICATE_METHOD_MATCH = YES;
				COPY_PHASE_STRIP = NO;
				DEBUG_INFORMATION_FORMAT = "dwarf-with-dsym";
				ENABLE_NS_ASSERTIONS = NO;
				ENABLE_STRICT_OBJC_MSGSEND = YES;
				GCC_C_LANGUAGE_STANDARD = gnu11;
				GCC_NO_COMMON_BLOCKS = YES;
				GCC_WARN_64_TO_32_BIT_CONVERSION = YES;
				GCC_WARN_ABOUT_RETURN_TYPE = YES_ERROR;
				GCC_WARN_UNDECLARED_SELECTOR = YES;
				GCC_WARN_UNINITIALIZED_AUTOS = YES_AGGRESSIVE;
				GCC_WARN_UNUSED_FUNCTION = YES;
				GCC_WARN_UNUSED_VARIABLE = YES;
				IPHONEOS_DEPLOYMENT_TARGET = 13.0;
				MTL_ENABLE_DEBUG_INFO = NO;
				MTL_FAST_MATH = YES;
				SDKROOT = iphoneos;
				SWIFT_COMPILATION_MODE = wholemodule;
				SWIFT_OPTIMIZATION_LEVEL = "-O";
				VALIDATE_PRODUCT = YES;
			};
			name = Release;
		};
		A5E3EFFD2508146300C792E3 /* Debug */ = {
			isa = XCBuildConfiguration;
			buildSettings = {
				ASSETCATALOG_COMPILER_APPICON_NAME = AppIcon;
				CODE_SIGN_STYLE = Automatic;
				DEVELOPMENT_TEAM = LPTWC9LMSM;
				INFOPLIST_FILE = HotWaterShutdownScheduler/Info.plist;
				LD_RUNPATH_SEARCH_PATHS = (
					"$(inherited)",
					"@executable_path/Frameworks",
				);
				PRODUCT_BUNDLE_IDENTIFIER = trishinSV.HotWaterShutdownScheduler;
				PRODUCT_NAME = "$(TARGET_NAME)";
				SWIFT_VERSION = 5.0;
				TARGETED_DEVICE_FAMILY = "1,2";
			};
			name = Debug;
		};
		A5E3EFFE2508146300C792E3 /* Release */ = {
			isa = XCBuildConfiguration;
			buildSettings = {
				ASSETCATALOG_COMPILER_APPICON_NAME = AppIcon;
				CODE_SIGN_STYLE = Automatic;
				DEVELOPMENT_TEAM = LPTWC9LMSM;
				INFOPLIST_FILE = HotWaterShutdownScheduler/Info.plist;
				LD_RUNPATH_SEARCH_PATHS = (
					"$(inherited)",
					"@executable_path/Frameworks",
				);
				PRODUCT_BUNDLE_IDENTIFIER = trishinSV.HotWaterShutdownScheduler;
				PRODUCT_NAME = "$(TARGET_NAME)";
				SWIFT_VERSION = 5.0;
				TARGETED_DEVICE_FAMILY = "1,2";
			};
			name = Release;
		};
/* End XCBuildConfiguration section */

/* Begin XCConfigurationList section */
		A5E3EFE02508145D00C792E3 /* Build configuration list for PBXProject "HotWaterShutdownScheduler" */ = {
			isa = XCConfigurationList;
			buildConfigurations = (
				A5E3EFFA2508146300C792E3 /* Debug */,
				A5E3EFFB2508146300C792E3 /* Release */,
			);
			defaultConfigurationIsVisible = 0;
			defaultConfigurationName = Release;
		};
		A5E3EFFC2508146300C792E3 /* Build configuration list for PBXNativeTarget "HotWaterShutdownScheduler" */ = {
			isa = XCConfigurationList;
			buildConfigurations = (
				A5E3EFFD2508146300C792E3 /* Debug */,
				A5E3EFFE2508146300C792E3 /* Release */,
			);
			defaultConfigurationIsVisible = 0;
			defaultConfigurationName = Release;
		};
/* End XCConfigurationList section */

/* Begin XCVersionGroup section */
		A5E3EFF12508145D00C792E3 /* HotWaterShutdownScheduler.xcdatamodeld */ = {
			isa = XCVersionGroup;
			children = (
				A5E3EFF22508145D00C792E3 /* HotWaterShutdownScheduler.xcdatamodel */,
			);
			currentVersion = A5E3EFF22508145D00C792E3 /* HotWaterShutdownScheduler.xcdatamodel */;
			path = HotWaterShutdownScheduler.xcdatamodeld;
			sourceTree = "<group>";
			versionGroupType = wrapper.xcdatamodel;
		};
/* End XCVersionGroup section */
	};
	rootObject = A5E3EFDD2508145D00C792E3 /* Project object */;
}
