// !$*UTF8*$!
{
	archiveVersion = 1;
	classes = {
	};
	objectVersion = 51;
	objects = {

/* Begin PBXBuildFile section */
		44671BE4E28BF863B3257FAA /* Pods_HotWaterShutdownScheduler.framework in Frameworks */ = {isa = PBXBuildFile; fileRef = 179254B90DECC95F619CB711 /* Pods_HotWaterShutdownScheduler.framework */; };
		A525D3AA250914FD0008A24D /* DatabaseService.swift in Sources */ = {isa = PBXBuildFile; fileRef = A525D3A9250914FD0008A24D /* DatabaseService.swift */; };
		A525D3AD25096C7E0008A24D /* AddressListPresenter.swift in Sources */ = {isa = PBXBuildFile; fileRef = A525D3AC25096C7E0008A24D /* AddressListPresenter.swift */; };
		A525D3B125096E5E0008A24D /* AddressListTableViewCell.swift in Sources */ = {isa = PBXBuildFile; fileRef = A525D3AF25096E5E0008A24D /* AddressListTableViewCell.swift */; };
		A525D3B225096E5E0008A24D /* AddressListTableViewCell.xib in Resources */ = {isa = PBXBuildFile; fileRef = A525D3B025096E5E0008A24D /* AddressListTableViewCell.xib */; };
		A525D3B7250976170008A24D /* AddressListCellPresenter.swift in Sources */ = {isa = PBXBuildFile; fileRef = A525D3B6250976170008A24D /* AddressListCellPresenter.swift */; };
		A56B8980250822DA0018DD34 /* Address.swift in Sources */ = {isa = PBXBuildFile; fileRef = A56B897F250822D90018DD34 /* Address.swift */; };
		A56B89822508252D0018DD34 /* FileService.swift in Sources */ = {isa = PBXBuildFile; fileRef = A56B89812508252D0018DD34 /* FileService.swift */; };
		A56B89842508267C0018DD34 /* HWSSError.swift in Sources */ = {isa = PBXBuildFile; fileRef = A56B89832508267C0018DD34 /* HWSSError.swift */; };
		A56B89862508B9AF0018DD34 /* DBAddress.swift in Sources */ = {isa = PBXBuildFile; fileRef = A56B89852508B9AF0018DD34 /* DBAddress.swift */; };
		A5E3EFE92508145D00C792E3 /* AppDelegate.swift in Sources */ = {isa = PBXBuildFile; fileRef = A5E3EFE82508145D00C792E3 /* AppDelegate.swift */; };
		A5E3EFED2508145D00C792E3 /* AddressListViewController.swift in Sources */ = {isa = PBXBuildFile; fileRef = A5E3EFEC2508145D00C792E3 /* AddressListViewController.swift */; };
		A5E3EFF02508145D00C792E3 /* Main.storyboard in Resources */ = {isa = PBXBuildFile; fileRef = A5E3EFEE2508145D00C792E3 /* Main.storyboard */; };
		A5E3EFF32508145D00C792E3 /* HotWaterShutdownScheduler.xcdatamodeld in Sources */ = {isa = PBXBuildFile; fileRef = A5E3EFF12508145D00C792E3 /* HotWaterShutdownScheduler.xcdatamodeld */; };
		A5E3EFF52508146300C792E3 /* Assets.xcassets in Resources */ = {isa = PBXBuildFile; fileRef = A5E3EFF42508146300C792E3 /* Assets.xcassets */; };
		A5E3EFF82508146300C792E3 /* LaunchScreen.storyboard in Resources */ = {isa = PBXBuildFile; fileRef = A5E3EFF62508146300C792E3 /* LaunchScreen.storyboard */; };
		A5E3F001250814BC00C792E3 /* NetworkService.swift in Sources */ = {isa = PBXBuildFile; fileRef = A5E3F000250814BC00C792E3 /* NetworkService.swift */; };
		A5E3F0052508170100C792E3 /* Response.swift in Sources */ = {isa = PBXBuildFile; fileRef = A5E3F0042508170100C792E3 /* Response.swift */; };
		A5E3F0082508199600C792E3 /* CoreDataStack.swift in Sources */ = {isa = PBXBuildFile; fileRef = A5E3F0072508199600C792E3 /* CoreDataStack.swift */; };
/* End PBXBuildFile section */

/* Begin PBXFileReference section */
		179254B90DECC95F619CB711 /* Pods_HotWaterShutdownScheduler.framework */ = {isa = PBXFileReference; explicitFileType = wrapper.framework; includeInIndex = 0; path = Pods_HotWaterShutdownScheduler.framework; sourceTree = BUILT_PRODUCTS_DIR; };
		271BF817CD838BB65AB131FB /* Pods-HotWaterShutdownScheduler.release.xcconfig */ = {isa = PBXFileReference; includeInIndex = 1; lastKnownFileType = text.xcconfig; name = "Pods-HotWaterShutdownScheduler.release.xcconfig"; path = "Target Support Files/Pods-HotWaterShutdownScheduler/Pods-HotWaterShutdownScheduler.release.xcconfig"; sourceTree = "<group>"; };
		A525D3A9250914FD0008A24D /* DatabaseService.swift */ = {isa = PBXFileReference; lastKnownFileType = sourcecode.swift; path = DatabaseService.swift; sourceTree = "<group>"; };
		A525D3AC25096C7E0008A24D /* AddressListPresenter.swift */ = {isa = PBXFileReference; lastKnownFileType = sourcecode.swift; path = AddressListPresenter.swift; sourceTree = "<group>"; };
		A525D3AF25096E5E0008A24D /* AddressListTableViewCell.swift */ = {isa = PBXFileReference; lastKnownFileType = sourcecode.swift; path = AddressListTableViewCell.swift; sourceTree = "<group>"; };
		A525D3B025096E5E0008A24D /* AddressListTableViewCell.xib */ = {isa = PBXFileReference; lastKnownFileType = file.xib; path = AddressListTableViewCell.xib; sourceTree = "<group>"; };
		A525D3B6250976170008A24D /* AddressListCellPresenter.swift */ = {isa = PBXFileReference; lastKnownFileType = sourcecode.swift; path = AddressListCellPresenter.swift; sourceTree = "<group>"; };
		A56B897F250822D90018DD34 /* Address.swift */ = {isa = PBXFileReference; lastKnownFileType = sourcecode.swift; path = Address.swift; sourceTree = "<group>"; };
		A56B89812508252D0018DD34 /* FileService.swift */ = {isa = PBXFileReference; lastKnownFileType = sourcecode.swift; path = FileService.swift; sourceTree = "<group>"; };
		A56B89832508267C0018DD34 /* HWSSError.swift */ = {isa = PBXFileReference; lastKnownFileType = sourcecode.swift; path = HWSSError.swift; sourceTree = "<group>"; };
		A56B89852508B9AF0018DD34 /* DBAddress.swift */ = {isa = PBXFileReference; lastKnownFileType = sourcecode.swift; path = DBAddress.swift; sourceTree = "<group>"; };
		A5E3EFE52508145D00C792E3 /* HotWaterShutdownScheduler.app */ = {isa = PBXFileReference; explicitFileType = wrapper.application; includeInIndex = 0; path = HotWaterShutdownScheduler.app; sourceTree = BUILT_PRODUCTS_DIR; };
		A5E3EFE82508145D00C792E3 /* AppDelegate.swift */ = {isa = PBXFileReference; lastKnownFileType = sourcecode.swift; path = AppDelegate.swift; sourceTree = "<group>"; };
		A5E3EFEC2508145D00C792E3 /* AddressListViewController.swift */ = {isa = PBXFileReference; lastKnownFileType = sourcecode.swift; path = AddressListViewController.swift; sourceTree = "<group>"; };
		A5E3EFEF2508145D00C792E3 /* Base */ = {isa = PBXFileReference; lastKnownFileType = file.storyboard; name = Base; path = Base.lproj/Main.storyboard; sourceTree = "<group>"; };
		A5E3EFF22508145D00C792E3 /* HotWaterShutdownScheduler.xcdatamodel */ = {isa = PBXFileReference; lastKnownFileType = wrapper.xcdatamodel; path = HotWaterShutdownScheduler.xcdatamodel; sourceTree = "<group>"; };
		A5E3EFF42508146300C792E3 /* Assets.xcassets */ = {isa = PBXFileReference; lastKnownFileType = folder.assetcatalog; path = Assets.xcassets; sourceTree = "<group>"; };
		A5E3EFF72508146300C792E3 /* Base */ = {isa = PBXFileReference; lastKnownFileType = file.storyboard; name = Base; path = Base.lproj/LaunchScreen.storyboard; sourceTree = "<group>"; };
		A5E3EFF92508146300C792E3 /* Info.plist */ = {isa = PBXFileReference; lastKnownFileType = text.plist.xml; path = Info.plist; sourceTree = "<group>"; };
		A5E3F000250814BC00C792E3 /* NetworkService.swift */ = {isa = PBXFileReference; lastKnownFileType = sourcecode.swift; path = NetworkService.swift; sourceTree = "<group>"; };
		A5E3F0042508170100C792E3 /* Response.swift */ = {isa = PBXFileReference; lastKnownFileType = sourcecode.swift; path = Response.swift; sourceTree = "<group>"; };
		A5E3F0072508199600C792E3 /* CoreDataStack.swift */ = {isa = PBXFileReference; lastKnownFileType = sourcecode.swift; path = CoreDataStack.swift; sourceTree = "<group>"; };
		D0477C9A55E3D17E342518A9 /* Pods-HotWaterShutdownScheduler.debug.xcconfig */ = {isa = PBXFileReference; includeInIndex = 1; lastKnownFileType = text.xcconfig; name = "Pods-HotWaterShutdownScheduler.debug.xcconfig"; path = "Target Support Files/Pods-HotWaterShutdownScheduler/Pods-HotWaterShutdownScheduler.debug.xcconfig"; sourceTree = "<group>"; };
/* End PBXFileReference section */

/* Begin PBXFrameworksBuildPhase section */
		A5E3EFE22508145D00C792E3 /* Frameworks */ = {
			isa = PBXFrameworksBuildPhase;
			buildActionMask = 2147483647;
			files = (
				44671BE4E28BF863B3257FAA /* Pods_HotWaterShutdownScheduler.framework in Frameworks */,
			);
			runOnlyForDeploymentPostprocessing = 0;
		};
/* End PBXFrameworksBuildPhase section */

/* Begin PBXGroup section */
		001AB3597A035B453FFA7990 /* Pods */ = {
			isa = PBXGroup;
			children = (
				D0477C9A55E3D17E342518A9 /* Pods-HotWaterShutdownScheduler.debug.xcconfig */,
				271BF817CD838BB65AB131FB /* Pods-HotWaterShutdownScheduler.release.xcconfig */,
			);
			path = Pods;
			sourceTree = "<group>";
		};
		A525D3AB25096C470008A24D /* Presentation */ = {
			isa = PBXGroup;
			children = (
				A525D3B325096F5C0008A24D /* Presenters */,
				A525D3AE25096E320008A24D /* Views */,
			);
			path = Presentation;
			sourceTree = "<group>";
		};
		A525D3AE25096E320008A24D /* Views */ = {
			isa = PBXGroup;
			children = (
				A525D3B825098B320008A24D /* Cells */,
				A5E3EFEC2508145D00C792E3 /* AddressListViewController.swift */,
				A5E3EFEE2508145D00C792E3 /* Main.storyboard */,
			);
			path = Views;
			sourceTree = "<group>";
		};
		A525D3B325096F5C0008A24D /* Presenters */ = {
			isa = PBXGroup;
			children = (
				A525D3AC25096C7E0008A24D /* AddressListPresenter.swift */,
				A525D3B6250976170008A24D /* AddressListCellPresenter.swift */,
			);
			path = Presenters;
			sourceTree = "<group>";
		};
		A525D3B825098B320008A24D /* Cells */ = {
			isa = PBXGroup;
			children = (
				A525D3AF25096E5E0008A24D /* AddressListTableViewCell.swift */,
				A525D3B025096E5E0008A24D /* AddressListTableViewCell.xib */,
			);
			path = Cells;
			sourceTree = "<group>";
		};
		A5E3EFDC2508145D00C792E3 = {
			isa = PBXGroup;
			children = (
				A5E3EFE72508145D00C792E3 /* HotWaterShutdownScheduler */,
				A5E3EFE62508145D00C792E3 /* Products */,
				001AB3597A035B453FFA7990 /* Pods */,
				E5A076B8D0A6858A60659934 /* Frameworks */,
			);
			sourceTree = "<group>";
		};
		A5E3EFE62508145D00C792E3 /* Products */ = {
			isa = PBXGroup;
			children = (
				A5E3EFE52508145D00C792E3 /* HotWaterShutdownScheduler.app */,
			);
			name = Products;
			sourceTree = "<group>";
		};
		A5E3EFE72508145D00C792E3 /* HotWaterShutdownScheduler */ = {
			isa = PBXGroup;
			children = (
				A5E3F0062508197E00C792E3 /* Models */,
				A5E3EFFF250814A500C792E3 /* Services */,
				A525D3AB25096C470008A24D /* Presentation */,
				A5E3EFE82508145D00C792E3 /* AppDelegate.swift */,
				A5E3EFF42508146300C792E3 /* Assets.xcassets */,
				A5E3EFF62508146300C792E3 /* LaunchScreen.storyboard */,
				A5E3EFF92508146300C792E3 /* Info.plist */,
				A5E3EFF12508145D00C792E3 /* HotWaterShutdownScheduler.xcdatamodeld */,
			);
			path = HotWaterShutdownScheduler;
			sourceTree = "<group>";
		};
		A5E3EFFF250814A500C792E3 /* Services */ = {
			isa = PBXGroup;
			children = (
				A5E3F000250814BC00C792E3 /* NetworkService.swift */,
				A56B89812508252D0018DD34 /* FileService.swift */,
				A525D3A9250914FD0008A24D /* DatabaseService.swift */,
			);
			path = Services;
			sourceTree = "<group>";
		};
		A5E3F002250816CE00C792E3 /* REST */ = {
			isa = PBXGroup;
			children = (
				A5E3F0042508170100C792E3 /* Response.swift */,
				A56B897F250822D90018DD34 /* Address.swift */,
			);
			path = REST;
			sourceTree = "<group>";
		};
		A5E3F0062508197E00C792E3 /* Models */ = {
			isa = PBXGroup;
			children = (
				A5E3F002250816CE00C792E3 /* REST */,
				A5E3F009250819C000C792E3 /* CoreData */,
				A56B89832508267C0018DD34 /* HWSSError.swift */,
			);
			path = Models;
			sourceTree = "<group>";
		};
		A5E3F009250819C000C792E3 /* CoreData */ = {
			isa = PBXGroup;
			children = (
				A5E3F0072508199600C792E3 /* CoreDataStack.swift */,
				A56B89852508B9AF0018DD34 /* DBAddress.swift */,
			);
			path = CoreData;
			sourceTree = "<group>";
		};
		E5A076B8D0A6858A60659934 /* Frameworks */ = {
			isa = PBXGroup;
			children = (
				179254B90DECC95F619CB711 /* Pods_HotWaterShutdownScheduler.framework */,
			);
			name = Frameworks;
			sourceTree = "<group>";
		};
/* End PBXGroup section */

/* Begin PBXNativeTarget section */
		A5E3EFE42508145D00C792E3 /* HotWaterShutdownScheduler */ = {
			isa = PBXNativeTarget;
			buildConfigurationList = A5E3EFFC2508146300C792E3 /* Build configuration list for PBXNativeTarget "HotWaterShutdownScheduler" */;
			buildPhases = (
				F30852FC2FE43BDAAE6C70B8 /* [CP] Check Pods Manifest.lock */,
				A5E3EFE12508145D00C792E3 /* Sources */,
				A5E3EFE22508145D00C792E3 /* Frameworks */,
				A5E3EFE32508145D00C792E3 /* Resources */,
				73CB224C0703D5D8AB10F993 /* [CP] Embed Pods Frameworks */,
			);
			buildRules = (
			);
			dependencies = (
			);
			name = HotWaterShutdownScheduler;
			productName = HotWaterShutdownScheduler;
			productReference = A5E3EFE52508145D00C792E3 /* HotWaterShutdownScheduler.app */;
			productType = "com.apple.product-type.application";
		};
/* End PBXNativeTarget section */

/* Begin PBXProject section */
		A5E3EFDD2508145D00C792E3 /* Project object */ = {
			isa = PBXProject;
			attributes = {
				LastSwiftUpdateCheck = 1100;
				LastUpgradeCheck = 1100;
				ORGANIZATIONNAME = "Сергей Тришин";
				TargetAttributes = {
					A5E3EFE42508145D00C792E3 = {
						CreatedOnToolsVersion = 11.0;
					};
				};
			};
			buildConfigurationList = A5E3EFE02508145D00C792E3 /* Build configuration list for PBXProject "HotWaterShutdownScheduler" */;
			compatibilityVersion = "Xcode 9.3";
			developmentRegion = en;
			hasScannedForEncodings = 0;
			knownRegions = (
				en,
				Base,
			);
			mainGroup = A5E3EFDC2508145D00C792E3;
			productRefGroup = A5E3EFE62508145D00C792E3 /* Products */;
			projectDirPath = "";
			projectRoot = "";
			targets = (
				A5E3EFE42508145D00C792E3 /* HotWaterShutdownScheduler */,
			);
		};
/* End PBXProject section */

/* Begin PBXResourcesBuildPhase section */
		A5E3EFE32508145D00C792E3 /* Resources */ = {
			isa = PBXResourcesBuildPhase;
			buildActionMask = 2147483647;
			files = (
				A5E3EFF82508146300C792E3 /* LaunchScreen.storyboard in Resources */,
				A5E3EFF52508146300C792E3 /* Assets.xcassets in Resources */,
				A525D3B225096E5E0008A24D /* AddressListTableViewCell.xib in Resources */,
				A5E3EFF02508145D00C792E3 /* Main.storyboard in Resources */,
			);
			runOnlyForDeploymentPostprocessing = 0;
		};
/* End PBXResourcesBuildPhase section */

/* Begin PBXShellScriptBuildPhase section */
		73CB224C0703D5D8AB10F993 /* [CP] Embed Pods Frameworks */ = {
			isa = PBXShellScriptBuildPhase;
			buildActionMask = 2147483647;
			files = (
			);
			inputFileListPaths = (
				"${PODS_ROOT}/Target Support Files/Pods-HotWaterShutdownScheduler/Pods-HotWaterShutdownScheduler-frameworks-${CONFIGURATION}-input-files.xcfilelist",
			);
			name = "[CP] Embed Pods Frameworks";
			outputFileListPaths = (
				"${PODS_ROOT}/Target Support Files/Pods-HotWaterShutdownScheduler/Pods-HotWaterShutdownScheduler-frameworks-${CONFIGURATION}-output-files.xcfilelist",
			);
			runOnlyForDeploymentPostprocessing = 0;
			shellPath = /bin/sh;
			shellScript = "\"${PODS_ROOT}/Target Support Files/Pods-HotWaterShutdownScheduler/Pods-HotWaterShutdownScheduler-frameworks.sh\"\n";
			showEnvVarsInLog = 0;
		};
		F30852FC2FE43BDAAE6C70B8 /* [CP] Check Pods Manifest.lock */ = {
			isa = PBXShellScriptBuildPhase;
			buildActionMask = 2147483647;
			files = (
			);
			inputFileListPaths = (
			);
			inputPaths = (
				"${PODS_PODFILE_DIR_PATH}/Podfile.lock",
				"${PODS_ROOT}/Manifest.lock",
			);
			name = "[CP] Check Pods Manifest.lock";
			outputFileListPaths = (
			);
			outputPaths = (
				"$(DERIVED_FILE_DIR)/Pods-HotWaterShutdownScheduler-checkManifestLockResult.txt",
			);
			runOnlyForDeploymentPostprocessing = 0;
			shellPath = /bin/sh;
			shellScript = "diff \"${PODS_PODFILE_DIR_PATH}/Podfile.lock\" \"${PODS_ROOT}/Manifest.lock\" > /dev/null\nif [ $? != 0 ] ; then\n    # print error to STDERR\n    echo \"error: The sandbox is not in sync with the Podfile.lock. Run 'pod install' or update your CocoaPods installation.\" >&2\n    exit 1\nfi\n# This output is used by Xcode 'outputs' to avoid re-running this script phase.\necho \"SUCCESS\" > \"${SCRIPT_OUTPUT_FILE_0}\"\n";
			showEnvVarsInLog = 0;
		};
/* End PBXShellScriptBuildPhase section */

/* Begin PBXSourcesBuildPhase section */
		A5E3EFE12508145D00C792E3 /* Sources */ = {
			isa = PBXSourcesBuildPhase;
			buildActionMask = 2147483647;
			files = (
				A5E3F0082508199600C792E3 /* CoreDataStack.swift in Sources */,
				A56B89842508267C0018DD34 /* HWSSError.swift in Sources */,
				A5E3F001250814BC00C792E3 /* NetworkService.swift in Sources */,
				A5E3EFED2508145D00C792E3 /* AddressListViewController.swift in Sources */,
				A525D3B7250976170008A24D /* AddressListCellPresenter.swift in Sources */,
				A56B89862508B9AF0018DD34 /* DBAddress.swift in Sources */,
				A5E3EFE92508145D00C792E3 /* AppDelegate.swift in Sources */,
				A5E3F0052508170100C792E3 /* Response.swift in Sources */,
				A56B89822508252D0018DD34 /* FileService.swift in Sources */,
				A525D3B125096E5E0008A24D /* AddressListTableViewCell.swift in Sources */,
				A5E3EFF32508145D00C792E3 /* HotWaterShutdownScheduler.xcdatamodeld in Sources */,
				A56B8980250822DA0018DD34 /* Address.swift in Sources */,
				A525D3AA250914FD0008A24D /* DatabaseService.swift in Sources */,
				A525D3AD25096C7E0008A24D /* AddressListPresenter.swift in Sources */,
			);
			runOnlyForDeploymentPostprocessing = 0;
		};
/* End PBXSourcesBuildPhase section */

/* Begin PBXVariantGroup section */
		A5E3EFEE2508145D00C792E3 /* Main.storyboard */ = {
			isa = PBXVariantGroup;
			children = (
				A5E3EFEF2508145D00C792E3 /* Base */,
			);
			name = Main.storyboard;
			sourceTree = "<group>";
		};
		A5E3EFF62508146300C792E3 /* LaunchScreen.storyboard */ = {
			isa = PBXVariantGroup;
			children = (
				A5E3EFF72508146300C792E3 /* Base */,
			);
			name = LaunchScreen.storyboard;
			sourceTree = "<group>";
		};
/* End PBXVariantGroup section */

/* Begin XCBuildConfiguration section */
		A5E3EFFA2508146300C792E3 /* Debug */ = {
			isa = XCBuildConfiguration;
			buildSettings = {
				ALWAYS_SEARCH_USER_PATHS = NO;
				CLANG_ANALYZER_NONNULL = YES;
				CLANG_ANALYZER_NUMBER_OBJECT_CONVERSION = YES_AGGRESSIVE;
				CLANG_CXX_LANGUAGE_STANDARD = "gnu++14";
				CLANG_CXX_LIBRARY = "libc++";
				CLANG_ENABLE_MODULES = YES;
				CLANG_ENABLE_OBJC_ARC = YES;
				CLANG_ENABLE_OBJC_WEAK = YES;
				CLANG_WARN_BLOCK_CAPTURE_AUTORELEASING = YES;
				CLANG_WARN_BOOL_CONVERSION = YES;
				CLANG_WARN_COMMA = YES;
				CLANG_WARN_CONSTANT_CONVERSION = YES;
				CLANG_WARN_DEPRECATED_OBJC_IMPLEMENTATIONS = YES;
				CLANG_WARN_DIRECT_OBJC_ISA_USAGE = YES_ERROR;
				CLANG_WARN_DOCUMENTATION_COMMENTS = YES;
				CLANG_WARN_EMPTY_BODY = YES;
				CLANG_WARN_ENUM_CONVERSION = YES;
				CLANG_WARN_INFINITE_RECURSION = YES;
				CLANG_WARN_INT_CONVERSION = YES;
				CLANG_WARN_NON_LITERAL_NULL_CONVERSION = YES;
				CLANG_WARN_OBJC_IMPLICIT_RETAIN_SELF = YES;
				CLANG_WARN_OBJC_LITERAL_CONVERSION = YES;
				CLANG_WARN_OBJC_ROOT_CLASS = YES_ERROR;
				CLANG_WARN_RANGE_LOOP_ANALYSIS = YES;
				CLANG_WARN_STRICT_PROTOTYPES = YES;
				CLANG_WARN_SUSPICIOUS_MOVE = YES;
				CLANG_WARN_UNGUARDED_AVAILABILITY = YES_AGGRESSIVE;
				CLANG_WARN_UNREACHABLE_CODE = YES;
				CLANG_WARN__DUPLICATE_METHOD_MATCH = YES;
				COPY_PHASE_STRIP = NO;
				DEBUG_INFORMATION_FORMAT = dwarf;
				ENABLE_STRICT_OBJC_MSGSEND = YES;
				ENABLE_TESTABILITY = YES;
				GCC_C_LANGUAGE_STANDARD = gnu11;
				GCC_DYNAMIC_NO_PIC = NO;
				GCC_NO_COMMON_BLOCKS = YES;
				GCC_OPTIMIZATION_LEVEL = 0;
				GCC_PREPROCESSOR_DEFINITIONS = (
					"DEBUG=1",
					"$(inherited)",
				);
				GCC_WARN_64_TO_32_BIT_CONVERSION = YES;
				GCC_WARN_ABOUT_RETURN_TYPE = YES_ERROR;
				GCC_WARN_UNDECLARED_SELECTOR = YES;
				GCC_WARN_UNINITIALIZED_AUTOS = YES_AGGRESSIVE;
				GCC_WARN_UNUSED_FUNCTION = YES;
				GCC_WARN_UNUSED_VARIABLE = YES;
				IPHONEOS_DEPLOYMENT_TARGET = 13.0;
				MTL_ENABLE_DEBUG_INFO = INCLUDE_SOURCE;
				MTL_FAST_MATH = YES;
				ONLY_ACTIVE_ARCH = YES;
				SDKROOT = iphoneos;
				SWIFT_ACTIVE_COMPILATION_CONDITIONS = DEBUG;
				SWIFT_OPTIMIZATION_LEVEL = "-Onone";
			};
			name = Debug;
		};
		A5E3EFFB2508146300C792E3 /* Release */ = {
			isa = XCBuildConfiguration;
			buildSettings = {
				ALWAYS_SEARCH_USER_PATHS = NO;
				CLANG_ANALYZER_NONNULL = YES;
				CLANG_ANALYZER_NUMBER_OBJECT_CONVERSION = YES_AGGRESSIVE;
				CLANG_CXX_LANGUAGE_STANDARD = "gnu++14";
				CLANG_CXX_LIBRARY = "libc++";
				CLANG_ENABLE_MODULES = YES;
				CLANG_ENABLE_OBJC_ARC = YES;
				CLANG_ENABLE_OBJC_WEAK = YES;
				CLANG_WARN_BLOCK_CAPTURE_AUTORELEASING = YES;
				CLANG_WARN_BOOL_CONVERSION = YES;
				CLANG_WARN_COMMA = YES;
				CLANG_WARN_CONSTANT_CONVERSION = YES;
				CLANG_WARN_DEPRECATED_OBJC_IMPLEMENTATIONS = YES;
				CLANG_WARN_DIRECT_OBJC_ISA_USAGE = YES_ERROR;
				CLANG_WARN_DOCUMENTATION_COMMENTS = YES;
				CLANG_WARN_EMPTY_BODY = YES;
				CLANG_WARN_ENUM_CONVERSION = YES;
				CLANG_WARN_INFINITE_RECURSION = YES;
				CLANG_WARN_INT_CONVERSION = YES;
				CLANG_WARN_NON_LITERAL_NULL_CONVERSION = YES;
				CLANG_WARN_OBJC_IMPLICIT_RETAIN_SELF = YES;
				CLANG_WARN_OBJC_LITERAL_CONVERSION = YES;
				CLANG_WARN_OBJC_ROOT_CLASS = YES_ERROR;
				CLANG_WARN_RANGE_LOOP_ANALYSIS = YES;
				CLANG_WARN_STRICT_PROTOTYPES = YES;
				CLANG_WARN_SUSPICIOUS_MOVE = YES;
				CLANG_WARN_UNGUARDED_AVAILABILITY = YES_AGGRESSIVE;
				CLANG_WARN_UNREACHABLE_CODE = YES;
				CLANG_WARN__DUPLICATE_METHOD_MATCH = YES;
				COPY_PHASE_STRIP = NO;
				DEBUG_INFORMATION_FORMAT = "dwarf-with-dsym";
				ENABLE_NS_ASSERTIONS = NO;
				ENABLE_STRICT_OBJC_MSGSEND = YES;
				GCC_C_LANGUAGE_STANDARD = gnu11;
				GCC_NO_COMMON_BLOCKS = YES;
				GCC_WARN_64_TO_32_BIT_CONVERSION = YES;
				GCC_WARN_ABOUT_RETURN_TYPE = YES_ERROR;
				GCC_WARN_UNDECLARED_SELECTOR = YES;
				GCC_WARN_UNINITIALIZED_AUTOS = YES_AGGRESSIVE;
				GCC_WARN_UNUSED_FUNCTION = YES;
				GCC_WARN_UNUSED_VARIABLE = YES;
				IPHONEOS_DEPLOYMENT_TARGET = 13.0;
				MTL_ENABLE_DEBUG_INFO = NO;
				MTL_FAST_MATH = YES;
				SDKROOT = iphoneos;
				SWIFT_COMPILATION_MODE = wholemodule;
				SWIFT_OPTIMIZATION_LEVEL = "-O";
				VALIDATE_PRODUCT = YES;
			};
			name = Release;
		};
		A5E3EFFD2508146300C792E3 /* Debug */ = {
			isa = XCBuildConfiguration;
			baseConfigurationReference = D0477C9A55E3D17E342518A9 /* Pods-HotWaterShutdownScheduler.debug.xcconfig */;
			buildSettings = {
				ASSETCATALOG_COMPILER_APPICON_NAME = AppIcon;
				CODE_SIGN_STYLE = Automatic;
				DEVELOPMENT_TEAM = LPTWC9LMSM;
				INFOPLIST_FILE = HotWaterShutdownScheduler/Info.plist;
				IPHONEOS_DEPLOYMENT_TARGET = 10.0;
				LD_RUNPATH_SEARCH_PATHS = (
					"$(inherited)",
					"@executable_path/Frameworks",
				);
				PRODUCT_BUNDLE_IDENTIFIER = trishinSV.HotWaterShutdownScheduler;
				PRODUCT_NAME = "$(TARGET_NAME)";
				SWIFT_VERSION = 5.0;
				TARGETED_DEVICE_FAMILY = "1,2";
			};
			name = Debug;
		};
		A5E3EFFE2508146300C792E3 /* Release */ = {
			isa = XCBuildConfiguration;
			baseConfigurationReference = 271BF817CD838BB65AB131FB /* Pods-HotWaterShutdownScheduler.release.xcconfig */;
			buildSettings = {
				ASSETCATALOG_COMPILER_APPICON_NAME = AppIcon;
				CODE_SIGN_STYLE = Automatic;
				DEVELOPMENT_TEAM = LPTWC9LMSM;
				INFOPLIST_FILE = HotWaterShutdownScheduler/Info.plist;
				IPHONEOS_DEPLOYMENT_TARGET = 10.0;
				LD_RUNPATH_SEARCH_PATHS = (
					"$(inherited)",
					"@executable_path/Frameworks",
				);
				PRODUCT_BUNDLE_IDENTIFIER = trishinSV.HotWaterShutdownScheduler;
				PRODUCT_NAME = "$(TARGET_NAME)";
				SWIFT_VERSION = 5.0;
				TARGETED_DEVICE_FAMILY = "1,2";
			};
			name = Release;
		};
/* End XCBuildConfiguration section */

/* Begin XCConfigurationList section */
		A5E3EFE02508145D00C792E3 /* Build configuration list for PBXProject "HotWaterShutdownScheduler" */ = {
			isa = XCConfigurationList;
			buildConfigurations = (
				A5E3EFFA2508146300C792E3 /* Debug */,
				A5E3EFFB2508146300C792E3 /* Release */,
			);
			defaultConfigurationIsVisible = 0;
			defaultConfigurationName = Release;
		};
		A5E3EFFC2508146300C792E3 /* Build configuration list for PBXNativeTarget "HotWaterShutdownScheduler" */ = {
			isa = XCConfigurationList;
			buildConfigurations = (
				A5E3EFFD2508146300C792E3 /* Debug */,
				A5E3EFFE2508146300C792E3 /* Release */,
			);
			defaultConfigurationIsVisible = 0;
			defaultConfigurationName = Release;
		};
/* End XCConfigurationList section */

/* Begin XCVersionGroup section */
		A5E3EFF12508145D00C792E3 /* HotWaterShutdownScheduler.xcdatamodeld */ = {
			isa = XCVersionGroup;
			children = (
				A5E3EFF22508145D00C792E3 /* HotWaterShutdownScheduler.xcdatamodel */,
			);
			currentVersion = A5E3EFF22508145D00C792E3 /* HotWaterShutdownScheduler.xcdatamodel */;
			path = HotWaterShutdownScheduler.xcdatamodeld;
			sourceTree = "<group>";
			versionGroupType = wrapper.xcdatamodel;
		};
/* End XCVersionGroup section */
	};
	rootObject = A5E3EFDD2508145D00C792E3 /* Project object */;
}
